
Microsoft Visual Studio Solution File, Format Version 12.00
# Visual Studio Version 17
VisualStudioVersion = 17.13.35825.156 d17.13
MinimumVisualStudioVersion = 10.0.40219.1
Project("{FAE04EC0-301F-11D3-BF4B-00C04F79EFBC}") = "sicilylines", "sicilylines\sicilylines.csproj", "{AD2766FF-4E27-403A-9FED-52DACD8524C0}"
EndProject
Project("{FAE04EC0-301F-11D3-BF4B-00C04F79EFBC}") = "ApiClient", "ApiClient\ApiClient.csproj", "{F2104CAC-24BF-420A-B675-24E34BC7BB7D}"
EndProject
Global
	GlobalSection(SolutionConfigurationPlatforms) = preSolution
		Debug|Any CPU = Debug|Any CPU
		Release|Any CPU = Release|Any CPU
	EndGlobalSection
	GlobalSection(ProjectConfigurationPlatforms) = postSolution
		{AD2766FF-4E27-403A-9FED-52DACD8524C0}.Debug|Any CPU.ActiveCfg = Debug|Any CPU
		{AD2766FF-4E27-403A-9FED-52DACD8524C0}.Debug|Any CPU.Build.0 = Debug|Any CPU
		{AD2766FF-4E27-403A-9FED-52DACD8524C0}.Release|Any CPU.ActiveCfg = Release|Any CPU
		{AD2766FF-4E27-403A-9FED-52DACD8524C0}.Release|Any CPU.Build.0 = Release|Any CPU
		{F2104CAC-24BF-420A-B675-24E34BC7BB7D}.Debug|Any CPU.ActiveCfg = Debug|Any CPU
		{F2104CAC-24BF-420A-B675-24E34BC7BB7D}.Debug|Any CPU.Build.0 = Debug|Any CPU
		{F2104CAC-24BF-420A-B675-24E34BC7BB7D}.Release|Any CPU.ActiveCfg = Release|Any CPU
		{F2104CAC-24BF-420A-B675-24E34BC7BB7D}.Release|Any CPU.Build.0 = Release|Any CPU
	EndGlobalSection
	GlobalSection(SolutionProperties) = preSolution
		HideSolutionNode = FALSE
	EndGlobalSection
	GlobalSection(ExtensibilityGlobals) = postSolution
		SolutionGuid = {132B8BA6-AF9A-4F69-B8F9-7D054D40E268}
	EndGlobalSection
EndGlobal
